
Microsoft Visual Studio Solution File, Format Version 12.00
# Visual Studio Version 16
VisualStudioVersion = 16.0.33328.57
MinimumVisualStudioVersion = 10.0.40219.1
Project("{FAE04EC0-301F-11D3-BF4B-00C04F79EFBC}") = "OilServiceProjectDesktop", "OilProyectDesktop\OilServiceProjectDesktop.csproj", "{9EC71736-F319-4387-9F22-D99D276EF5B1}"
EndProject
Global
	GlobalSection(SolutionConfigurationPlatforms) = preSolution
		Debug|Any CPU = Debug|Any CPU
		Release|Any CPU = Release|Any CPU
	EndGlobalSection
	GlobalSection(ProjectConfigurationPlatforms) = postSolution
		{9EC71736-F319-4387-9F22-D99D276EF5B1}.Debug|Any CPU.ActiveCfg = Debug|Any CPU
		{9EC71736-F319-4387-9F22-D99D276EF5B1}.Debug|Any CPU.Build.0 = Debug|Any CPU
		{9EC71736-F319-4387-9F22-D99D276EF5B1}.Release|Any CPU.ActiveCfg = Release|Any CPU
		{9EC71736-F319-4387-9F22-D99D276EF5B1}.Release|Any CPU.Build.0 = Release|Any CPU
	EndGlobalSection
	GlobalSection(SolutionProperties) = preSolution
		HideSolutionNode = FALSE
	EndGlobalSection
	GlobalSection(ExtensibilityGlobals) = postSolution
		SolutionGuid = {D9176C5D-BB86-49B3-B2B9-8E4C06730987}
	EndGlobalSection
EndGlobal
